
Microsoft Visual Studio Solution File, Format Version 12.00
# Visual Studio 2013
VisualStudioVersion = 12.0.21005.1
MinimumVisualStudioVersion = 10.0.40219.1
Project("{2150E333-8FDC-42A3-9474-1A3956D46DE8}") = "基础实施层", "基础实施层", "{6B82F0D8-640D-49BB-B0BA-BC25523FB088}"
EndProject
Project("{2150E333-8FDC-42A3-9474-1A3956D46DE8}") = "公共类库", "公共类库", "{000A6803-B637-4C30-B8D3-40A3D96DA380}"
EndProject
Project("{2150E333-8FDC-42A3-9474-1A3956D46DE8}") = "Hospital", "Hospital", "{A102702D-176C-44C1-B2E1-86E4F9067253}"
EndProject
Project("{FAE04EC0-301F-11D3-BF4B-00C04F79EFBC}") = "Hospital.Base", "Hospital.Base\Hospital.Base.csproj", "{0E295F0D-0C3D-40AE-A6CF-94538CE42C2C}"
EndProject
Project("{FAE04EC0-301F-11D3-BF4B-00C04F79EFBC}") = "Hospital.Web.Base", "Hospital.Web.Base\Hospital.Web.Base.csproj", "{648321EF-0753-4D70-94C1-1203BDDCF2E5}"
EndProject
Project("{FAE04EC0-301F-11D3-BF4B-00C04F79EFBC}") = "Hospital.Utility", "Hospital.Utility\Hospital.Utility.csproj", "{5C5BA46A-F8D8-4729-A5B8-33B2A6D3A696}"
EndProject
Project("{FAE04EC0-301F-11D3-BF4B-00C04F79EFBC}") = "Hospital.DBHelper", "Hospital.DBHelper\Hospital.DBHelper.csproj", "{69C3B603-511D-443C-9619-E5E4545FD21B}"
EndProject
Project("{FAE04EC0-301F-11D3-BF4B-00C04F79EFBC}") = "Hospital.DataModel", "Hospital.DataModel\Hospital.DataModel.csproj", "{B1318A61-5D95-41E4-A963-34D2719C4714}"
EndProject
Project("{FAE04EC0-301F-11D3-BF4B-00C04F79EFBC}") = "Hospital.ViewModel", "Hospital.ViewModel\Hospital.ViewModel.csproj", "{BBB8499A-6F9C-401D-B9BA-2B60EF4DE575}"
EndProject
Project("{FAE04EC0-301F-11D3-BF4B-00C04F79EFBC}") = "Hospital.IDAL", "Hospital.IDAL\Hospital.IDAL.csproj", "{1BC88E38-AB6F-427E-BD8C-A3DF38EDEF4E}"
EndProject
Project("{FAE04EC0-301F-11D3-BF4B-00C04F79EFBC}") = "Hospital.DAL", "Hospital.DAL\Hospital.DAL.csproj", "{41F1566B-4955-428D-ACD3-5AD39DD06268}"
EndProject
Project("{FAE04EC0-301F-11D3-BF4B-00C04F79EFBC}") = "Hospital.IBLL", "Hospital.IBLL\Hospital.IBLL.csproj", "{C08A836D-937C-4E6A-B0BB-703268230AE3}"
EndProject
Project("{FAE04EC0-301F-11D3-BF4B-00C04F79EFBC}") = "Hospital.BLL", "Hospital.BLL\Hospital.BLL.csproj", "{74681149-1D95-46D0-A3F4-B5985AC25487}"
EndProject
Project("{2150E333-8FDC-42A3-9474-1A3956D46DE8}") = "各终端", "各终端", "{C659A925-693B-4A46-9BC1-70F467657E6E}"
EndProject
Project("{FAE04EC0-301F-11D3-BF4B-00C04F79EFBC}") = "Hospital.Terminal", "Hospital.Terminal\Hospital.Terminal.csproj", "{CB83B7DD-4895-411A-A41E-3E6D41CD78D9}"
EndProject
Project("{FAE04EC0-301F-11D3-BF4B-00C04F79EFBC}") = "Hospital.Mobile", "Hospital.Mobile\Hospital.Mobile.csproj", "{9AC91584-4DF2-44A3-9B10-2EAD6FC283A1}"
EndProject
Project("{FAE04EC0-301F-11D3-BF4B-00C04F79EFBC}") = "Hospital.Client", "Hospital.Client\Hospital.Client.csproj", "{030B7BE9-6867-4585-904B-B515AD85863B}"
EndProject
Global
	GlobalSection(SolutionConfigurationPlatforms) = preSolution
		Debug|Any CPU = Debug|Any CPU
		Release|Any CPU = Release|Any CPU
	EndGlobalSection
	GlobalSection(ProjectConfigurationPlatforms) = postSolution
		{0E295F0D-0C3D-40AE-A6CF-94538CE42C2C}.Debug|Any CPU.ActiveCfg = Debug|Any CPU
		{0E295F0D-0C3D-40AE-A6CF-94538CE42C2C}.Debug|Any CPU.Build.0 = Debug|Any CPU
		{0E295F0D-0C3D-40AE-A6CF-94538CE42C2C}.Release|Any CPU.ActiveCfg = Release|Any CPU
		{0E295F0D-0C3D-40AE-A6CF-94538CE42C2C}.Release|Any CPU.Build.0 = Release|Any CPU
		{648321EF-0753-4D70-94C1-1203BDDCF2E5}.Debug|Any CPU.ActiveCfg = Debug|Any CPU
		{648321EF-0753-4D70-94C1-1203BDDCF2E5}.Debug|Any CPU.Build.0 = Debug|Any CPU
		{648321EF-0753-4D70-94C1-1203BDDCF2E5}.Release|Any CPU.ActiveCfg = Release|Any CPU
		{648321EF-0753-4D70-94C1-1203BDDCF2E5}.Release|Any CPU.Build.0 = Release|Any CPU
		{5C5BA46A-F8D8-4729-A5B8-33B2A6D3A696}.Debug|Any CPU.ActiveCfg = Debug|Any CPU
		{5C5BA46A-F8D8-4729-A5B8-33B2A6D3A696}.Debug|Any CPU.Build.0 = Debug|Any CPU
		{5C5BA46A-F8D8-4729-A5B8-33B2A6D3A696}.Release|Any CPU.ActiveCfg = Release|Any CPU
		{5C5BA46A-F8D8-4729-A5B8-33B2A6D3A696}.Release|Any CPU.Build.0 = Release|Any CPU
		{69C3B603-511D-443C-9619-E5E4545FD21B}.Debug|Any CPU.ActiveCfg = Debug|Any CPU
		{69C3B603-511D-443C-9619-E5E4545FD21B}.Debug|Any CPU.Build.0 = Debug|Any CPU
		{69C3B603-511D-443C-9619-E5E4545FD21B}.Release|Any CPU.ActiveCfg = Release|Any CPU
		{69C3B603-511D-443C-9619-E5E4545FD21B}.Release|Any CPU.Build.0 = Release|Any CPU
		{B1318A61-5D95-41E4-A963-34D2719C4714}.Debug|Any CPU.ActiveCfg = Debug|Any CPU
		{B1318A61-5D95-41E4-A963-34D2719C4714}.Debug|Any CPU.Build.0 = Debug|Any CPU
		{B1318A61-5D95-41E4-A963-34D2719C4714}.Release|Any CPU.ActiveCfg = Release|Any CPU
		{B1318A61-5D95-41E4-A963-34D2719C4714}.Release|Any CPU.Build.0 = Release|Any CPU
		{BBB8499A-6F9C-401D-B9BA-2B60EF4DE575}.Debug|Any CPU.ActiveCfg = Debug|Any CPU
		{BBB8499A-6F9C-401D-B9BA-2B60EF4DE575}.Debug|Any CPU.Build.0 = Debug|Any CPU
		{BBB8499A-6F9C-401D-B9BA-2B60EF4DE575}.Release|Any CPU.ActiveCfg = Release|Any CPU
		{BBB8499A-6F9C-401D-B9BA-2B60EF4DE575}.Release|Any CPU.Build.0 = Release|Any CPU
		{1BC88E38-AB6F-427E-BD8C-A3DF38EDEF4E}.Debug|Any CPU.ActiveCfg = Debug|Any CPU
		{1BC88E38-AB6F-427E-BD8C-A3DF38EDEF4E}.Debug|Any CPU.Build.0 = Debug|Any CPU
		{1BC88E38-AB6F-427E-BD8C-A3DF38EDEF4E}.Release|Any CPU.ActiveCfg = Release|Any CPU
		{1BC88E38-AB6F-427E-BD8C-A3DF38EDEF4E}.Release|Any CPU.Build.0 = Release|Any CPU
		{41F1566B-4955-428D-ACD3-5AD39DD06268}.Debug|Any CPU.ActiveCfg = Debug|Any CPU
		{41F1566B-4955-428D-ACD3-5AD39DD06268}.Debug|Any CPU.Build.0 = Debug|Any CPU
		{41F1566B-4955-428D-ACD3-5AD39DD06268}.Release|Any CPU.ActiveCfg = Release|Any CPU
		{41F1566B-4955-428D-ACD3-5AD39DD06268}.Release|Any CPU.Build.0 = Release|Any CPU
		{C08A836D-937C-4E6A-B0BB-703268230AE3}.Debug|Any CPU.ActiveCfg = Debug|Any CPU
		{C08A836D-937C-4E6A-B0BB-703268230AE3}.Debug|Any CPU.Build.0 = Debug|Any CPU
		{C08A836D-937C-4E6A-B0BB-703268230AE3}.Release|Any CPU.ActiveCfg = Release|Any CPU
		{C08A836D-937C-4E6A-B0BB-703268230AE3}.Release|Any CPU.Build.0 = Release|Any CPU
		{74681149-1D95-46D0-A3F4-B5985AC25487}.Debug|Any CPU.ActiveCfg = Debug|Any CPU
		{74681149-1D95-46D0-A3F4-B5985AC25487}.Debug|Any CPU.Build.0 = Debug|Any CPU
		{74681149-1D95-46D0-A3F4-B5985AC25487}.Release|Any CPU.ActiveCfg = Release|Any CPU
		{74681149-1D95-46D0-A3F4-B5985AC25487}.Release|Any CPU.Build.0 = Release|Any CPU
		{CB83B7DD-4895-411A-A41E-3E6D41CD78D9}.Debug|Any CPU.ActiveCfg = Debug|Any CPU
		{CB83B7DD-4895-411A-A41E-3E6D41CD78D9}.Debug|Any CPU.Build.0 = Debug|Any CPU
		{CB83B7DD-4895-411A-A41E-3E6D41CD78D9}.Release|Any CPU.ActiveCfg = Release|Any CPU
		{CB83B7DD-4895-411A-A41E-3E6D41CD78D9}.Release|Any CPU.Build.0 = Release|Any CPU
		{9AC91584-4DF2-44A3-9B10-2EAD6FC283A1}.Debug|Any CPU.ActiveCfg = Debug|Any CPU
		{9AC91584-4DF2-44A3-9B10-2EAD6FC283A1}.Debug|Any CPU.Build.0 = Debug|Any CPU
		{9AC91584-4DF2-44A3-9B10-2EAD6FC283A1}.Release|Any CPU.ActiveCfg = Release|Any CPU
		{9AC91584-4DF2-44A3-9B10-2EAD6FC283A1}.Release|Any CPU.Build.0 = Release|Any CPU
		{030B7BE9-6867-4585-904B-B515AD85863B}.Debug|Any CPU.ActiveCfg = Debug|Any CPU
		{030B7BE9-6867-4585-904B-B515AD85863B}.Debug|Any CPU.Build.0 = Debug|Any CPU
		{030B7BE9-6867-4585-904B-B515AD85863B}.Release|Any CPU.ActiveCfg = Release|Any CPU
		{030B7BE9-6867-4585-904B-B515AD85863B}.Release|Any CPU.Build.0 = Release|Any CPU
	EndGlobalSection
	GlobalSection(SolutionProperties) = preSolution
		HideSolutionNode = FALSE
	EndGlobalSection
	GlobalSection(NestedProjects) = preSolution
		{0E295F0D-0C3D-40AE-A6CF-94538CE42C2C} = {6B82F0D8-640D-49BB-B0BA-BC25523FB088}
		{648321EF-0753-4D70-94C1-1203BDDCF2E5} = {6B82F0D8-640D-49BB-B0BA-BC25523FB088}
		{5C5BA46A-F8D8-4729-A5B8-33B2A6D3A696} = {000A6803-B637-4C30-B8D3-40A3D96DA380}
		{69C3B603-511D-443C-9619-E5E4545FD21B} = {000A6803-B637-4C30-B8D3-40A3D96DA380}
		{B1318A61-5D95-41E4-A963-34D2719C4714} = {000A6803-B637-4C30-B8D3-40A3D96DA380}
		{BBB8499A-6F9C-401D-B9BA-2B60EF4DE575} = {A102702D-176C-44C1-B2E1-86E4F9067253}
		{1BC88E38-AB6F-427E-BD8C-A3DF38EDEF4E} = {A102702D-176C-44C1-B2E1-86E4F9067253}
		{41F1566B-4955-428D-ACD3-5AD39DD06268} = {A102702D-176C-44C1-B2E1-86E4F9067253}
		{C08A836D-937C-4E6A-B0BB-703268230AE3} = {A102702D-176C-44C1-B2E1-86E4F9067253}
		{74681149-1D95-46D0-A3F4-B5985AC25487} = {A102702D-176C-44C1-B2E1-86E4F9067253}
		{CB83B7DD-4895-411A-A41E-3E6D41CD78D9} = {C659A925-693B-4A46-9BC1-70F467657E6E}
		{9AC91584-4DF2-44A3-9B10-2EAD6FC283A1} = {C659A925-693B-4A46-9BC1-70F467657E6E}
		{030B7BE9-6867-4585-904B-B515AD85863B} = {C659A925-693B-4A46-9BC1-70F467657E6E}
	EndGlobalSection
EndGlobal
